
Microsoft Visual Studio Solution File, Format Version 12.00
# Visual Studio 14
VisualStudioVersion = 14.0.24720.0
MinimumVisualStudioVersion = 10.0.40219.1
Project("{FAE04EC0-301F-11D3-BF4B-00C04F79EFBC}") = "DashTools", "DashTools\DashTools.csproj", "{D517B927-7AFC-42AD-A410-27354F3217C2}"
EndProject
Project("{FAE04EC0-301F-11D3-BF4B-00C04F79EFBC}") = "DashTools.Tests", "DashTools.Tests\DashTools.Tests.csproj", "{17D61727-C15B-4329-AC4A-381D174E76EB}"
EndProject
Project("{2150E333-8FDC-42A3-9474-1A3956D46DE8}") = "NuGet", "NuGet", "{AA1B4699-9D5B-4FC4-BB4C-3B3CE5ADC180}"
	ProjectSection(SolutionItems) = preProject
		NuGet\DashTools.csproj.nuspec = NuGet\DashTools.csproj.nuspec
	EndProjectSection
EndProject
Global
	GlobalSection(SolutionConfigurationPlatforms) = preSolution
		Debug|Any CPU = Debug|Any CPU
		Release|Any CPU = Release|Any CPU
	EndGlobalSection
	GlobalSection(ProjectConfigurationPlatforms) = postSolution
		{D517B927-7AFC-42AD-A410-27354F3217C2}.Debug|Any CPU.ActiveCfg = Debug|Any CPU
		{D517B927-7AFC-42AD-A410-27354F3217C2}.Debug|Any CPU.Build.0 = Debug|Any CPU
		{D517B927-7AFC-42AD-A410-27354F3217C2}.Release|Any CPU.ActiveCfg = Release|Any CPU
		{D517B927-7AFC-42AD-A410-27354F3217C2}.Release|Any CPU.Build.0 = Release|Any CPU
		{17D61727-C15B-4329-AC4A-381D174E76EB}.Debug|Any CPU.ActiveCfg = Debug|Any CPU
		{17D61727-C15B-4329-AC4A-381D174E76EB}.Debug|Any CPU.Build.0 = Debug|Any CPU
		{17D61727-C15B-4329-AC4A-381D174E76EB}.Release|Any CPU.ActiveCfg = Release|Any CPU
		{17D61727-C15B-4329-AC4A-381D174E76EB}.Release|Any CPU.Build.0 = Release|Any CPU
	EndGlobalSection
	GlobalSection(SolutionProperties) = preSolution
		HideSolutionNode = FALSE
	EndGlobalSection
EndGlobal
